
Microsoft Visual Studio Solution File, Format Version 12.00
# Visual Studio 14
VisualStudioVersion = 14.0.22823.1
MinimumVisualStudioVersion = 10.0.40219.1
Project("{FAE04EC0-301F-11D3-BF4B-00C04F79EFBC}") = "ServicoREST", "ServicoREST\ServicoREST.csproj", "{E7753E32-1B5E-420C-B0DC-31BF4BCE271E}"
EndProject
Project("{FAE04EC0-301F-11D3-BF4B-00C04F79EFBC}") = "ClientPCL", "ClientPCL\ClientPCL.csproj", "{2B1169AA-18C2-4C16-8243-3831EA8C522E}"
EndProject
Project("{FAE04EC0-301F-11D3-BF4B-00C04F79EFBC}") = "CRUD_WPF", "CRUD_WPF\CRUD_WPF.csproj", "{26F5CDBE-735B-4801-8B54-CE8F4E65DED4}"
EndProject
Project("{D954291E-2A0B-460D-934E-DC6B0785DB48}") = "W8App.Shared", "W8App\W8App.Shared\W8App.Shared.shproj", "{96D568E8-F2B6-4B37-BDF1-68C970F98A4B}"
EndProject
Project("{FAE04EC0-301F-11D3-BF4B-00C04F79EFBC}") = "W8App.Windows", "W8App\W8App.Windows\W8App.Windows.csproj", "{E9D43956-A93C-42FA-AC89-854E3C61FF23}"
EndProject
Project("{FAE04EC0-301F-11D3-BF4B-00C04F79EFBC}") = "W8App.WindowsPhone", "W8App\W8App.WindowsPhone\W8App.WindowsPhone.csproj", "{D4F91F88-E1DF-4DE6-93CB-7C4F1547BF87}"
EndProject
Project("{2150E333-8FDC-42A3-9474-1A3956D46DE8}") = "W8App", "W8App", "{3260DEB6-9A63-4945-BCC7-12C6889BF457}"
EndProject
Project("{FAE04EC0-301F-11D3-BF4B-00C04F79EFBC}") = "FormsApp", "FormsApp\FormsApp\FormsApp.csproj", "{08B78219-4B19-4625-81CE-D951DF022344}"
EndProject
Project("{FAE04EC0-301F-11D3-BF4B-00C04F79EFBC}") = "FormsApp.iOS", "FormsApp\FormsApp.iOS\FormsApp.iOS.csproj", "{F0A4B5C1-97CB-4F49-8647-7346B32EBDDE}"
EndProject
Project("{FAE04EC0-301F-11D3-BF4B-00C04F79EFBC}") = "FormsApp.Droid", "FormsApp\FormsApp.Droid\FormsApp.Droid.csproj", "{3CDB96A3-C39D-4EAC-9BA8-92CC6F34E3C4}"
EndProject
Project("{FAE04EC0-301F-11D3-BF4B-00C04F79EFBC}") = "FormsApp.WinPhone", "FormsApp\FormsApp.WinPhone\FormsApp.WinPhone.csproj", "{60789623-DC2E-4CDF-A106-44C258E6AA62}"
EndProject
Global
	GlobalSection(SharedMSBuildProjectFiles) = preSolution
		W8App\W8App.Shared\W8App.Shared.projitems*{e9d43956-a93c-42fa-ac89-854e3c61ff23}*SharedItemsImports = 4
		W8App\W8App.Shared\W8App.Shared.projitems*{96d568e8-f2b6-4b37-bdf1-68c970f98a4b}*SharedItemsImports = 13
		W8App\W8App.Shared\W8App.Shared.projitems*{d4f91f88-e1df-4de6-93cb-7c4f1547bf87}*SharedItemsImports = 4
	EndGlobalSection
	GlobalSection(SolutionConfigurationPlatforms) = preSolution
		Ad-Hoc|Any CPU = Ad-Hoc|Any CPU
		Ad-Hoc|ARM = Ad-Hoc|ARM
		Ad-Hoc|iPhone = Ad-Hoc|iPhone
		Ad-Hoc|iPhoneSimulator = Ad-Hoc|iPhoneSimulator
		Ad-Hoc|x64 = Ad-Hoc|x64
		Ad-Hoc|x86 = Ad-Hoc|x86
		AppStore|Any CPU = AppStore|Any CPU
		AppStore|ARM = AppStore|ARM
		AppStore|iPhone = AppStore|iPhone
		AppStore|iPhoneSimulator = AppStore|iPhoneSimulator
		AppStore|x64 = AppStore|x64
		AppStore|x86 = AppStore|x86
		Debug|Any CPU = Debug|Any CPU
		Debug|ARM = Debug|ARM
		Debug|iPhone = Debug|iPhone
		Debug|iPhoneSimulator = Debug|iPhoneSimulator
		Debug|x64 = Debug|x64
		Debug|x86 = Debug|x86
		Release|Any CPU = Release|Any CPU
		Release|ARM = Release|ARM
		Release|iPhone = Release|iPhone
		Release|iPhoneSimulator = Release|iPhoneSimulator
		Release|x64 = Release|x64
		Release|x86 = Release|x86
	EndGlobalSection
	GlobalSection(ProjectConfigurationPlatforms) = postSolution
		{E7753E32-1B5E-420C-B0DC-31BF4BCE271E}.Ad-Hoc|Any CPU.ActiveCfg = Release|Any CPU
		{E7753E32-1B5E-420C-B0DC-31BF4BCE271E}.Ad-Hoc|Any CPU.Build.0 = Release|Any CPU
		{E7753E32-1B5E-420C-B0DC-31BF4BCE271E}.Ad-Hoc|ARM.ActiveCfg = Release|Any CPU
		{E7753E32-1B5E-420C-B0DC-31BF4BCE271E}.Ad-Hoc|ARM.Build.0 = Release|Any CPU
		{E7753E32-1B5E-420C-B0DC-31BF4BCE271E}.Ad-Hoc|iPhone.ActiveCfg = Release|Any CPU
		{E7753E32-1B5E-420C-B0DC-31BF4BCE271E}.Ad-Hoc|iPhone.Build.0 = Release|Any CPU
		{E7753E32-1B5E-420C-B0DC-31BF4BCE271E}.Ad-Hoc|iPhoneSimulator.ActiveCfg = Release|Any CPU
		{E7753E32-1B5E-420C-B0DC-31BF4BCE271E}.Ad-Hoc|iPhoneSimulator.Build.0 = Release|Any CPU
		{E7753E32-1B5E-420C-B0DC-31BF4BCE271E}.Ad-Hoc|x64.ActiveCfg = Release|Any CPU
		{E7753E32-1B5E-420C-B0DC-31BF4BCE271E}.Ad-Hoc|x64.Build.0 = Release|Any CPU
		{E7753E32-1B5E-420C-B0DC-31BF4BCE271E}.Ad-Hoc|x86.ActiveCfg = Release|Any CPU
		{E7753E32-1B5E-420C-B0DC-31BF4BCE271E}.Ad-Hoc|x86.Build.0 = Release|Any CPU
		{E7753E32-1B5E-420C-B0DC-31BF4BCE271E}.AppStore|Any CPU.ActiveCfg = Release|Any CPU
		{E7753E32-1B5E-420C-B0DC-31BF4BCE271E}.AppStore|Any CPU.Build.0 = Release|Any CPU
		{E7753E32-1B5E-420C-B0DC-31BF4BCE271E}.AppStore|ARM.ActiveCfg = Release|Any CPU
		{E7753E32-1B5E-420C-B0DC-31BF4BCE271E}.AppStore|ARM.Build.0 = Release|Any CPU
		{E7753E32-1B5E-420C-B0DC-31BF4BCE271E}.AppStore|iPhone.ActiveCfg = Release|Any CPU
		{E7753E32-1B5E-420C-B0DC-31BF4BCE271E}.AppStore|iPhone.Build.0 = Release|Any CPU
		{E7753E32-1B5E-420C-B0DC-31BF4BCE271E}.AppStore|iPhoneSimulator.ActiveCfg = Release|Any CPU
		{E7753E32-1B5E-420C-B0DC-31BF4BCE271E}.AppStore|iPhoneSimulator.Build.0 = Release|Any CPU
		{E7753E32-1B5E-420C-B0DC-31BF4BCE271E}.AppStore|x64.ActiveCfg = Release|Any CPU
		{E7753E32-1B5E-420C-B0DC-31BF4BCE271E}.AppStore|x64.Build.0 = Release|Any CPU
		{E7753E32-1B5E-420C-B0DC-31BF4BCE271E}.AppStore|x86.ActiveCfg = Release|Any CPU
		{E7753E32-1B5E-420C-B0DC-31BF4BCE271E}.AppStore|x86.Build.0 = Release|Any CPU
		{E7753E32-1B5E-420C-B0DC-31BF4BCE271E}.Debug|Any CPU.ActiveCfg = Debug|Any CPU
		{E7753E32-1B5E-420C-B0DC-31BF4BCE271E}.Debug|Any CPU.Build.0 = Debug|Any CPU
		{E7753E32-1B5E-420C-B0DC-31BF4BCE271E}.Debug|ARM.ActiveCfg = Debug|Any CPU
		{E7753E32-1B5E-420C-B0DC-31BF4BCE271E}.Debug|ARM.Build.0 = Debug|Any CPU
		{E7753E32-1B5E-420C-B0DC-31BF4BCE271E}.Debug|iPhone.ActiveCfg = Debug|Any CPU
		{E7753E32-1B5E-420C-B0DC-31BF4BCE271E}.Debug|iPhone.Build.0 = Debug|Any CPU
		{E7753E32-1B5E-420C-B0DC-31BF4BCE271E}.Debug|iPhoneSimulator.ActiveCfg = Debug|Any CPU
		{E7753E32-1B5E-420C-B0DC-31BF4BCE271E}.Debug|iPhoneSimulator.Build.0 = Debug|Any CPU
		{E7753E32-1B5E-420C-B0DC-31BF4BCE271E}.Debug|x64.ActiveCfg = Debug|Any CPU
		{E7753E32-1B5E-420C-B0DC-31BF4BCE271E}.Debug|x64.Build.0 = Debug|Any CPU
		{E7753E32-1B5E-420C-B0DC-31BF4BCE271E}.Debug|x86.ActiveCfg = Debug|Any CPU
		{E7753E32-1B5E-420C-B0DC-31BF4BCE271E}.Debug|x86.Build.0 = Debug|Any CPU
		{E7753E32-1B5E-420C-B0DC-31BF4BCE271E}.Release|Any CPU.ActiveCfg = Release|Any CPU
		{E7753E32-1B5E-420C-B0DC-31BF4BCE271E}.Release|Any CPU.Build.0 = Release|Any CPU
		{E7753E32-1B5E-420C-B0DC-31BF4BCE271E}.Release|ARM.ActiveCfg = Release|Any CPU
		{E7753E32-1B5E-420C-B0DC-31BF4BCE271E}.Release|ARM.Build.0 = Release|Any CPU
		{E7753E32-1B5E-420C-B0DC-31BF4BCE271E}.Release|iPhone.ActiveCfg = Release|Any CPU
		{E7753E32-1B5E-420C-B0DC-31BF4BCE271E}.Release|iPhone.Build.0 = Release|Any CPU
		{E7753E32-1B5E-420C-B0DC-31BF4BCE271E}.Release|iPhoneSimulator.ActiveCfg = Release|Any CPU
		{E7753E32-1B5E-420C-B0DC-31BF4BCE271E}.Release|iPhoneSimulator.Build.0 = Release|Any CPU
		{E7753E32-1B5E-420C-B0DC-31BF4BCE271E}.Release|x64.ActiveCfg = Release|Any CPU
		{E7753E32-1B5E-420C-B0DC-31BF4BCE271E}.Release|x64.Build.0 = Release|Any CPU
		{E7753E32-1B5E-420C-B0DC-31BF4BCE271E}.Release|x86.ActiveCfg = Release|Any CPU
		{E7753E32-1B5E-420C-B0DC-31BF4BCE271E}.Release|x86.Build.0 = Release|Any CPU
		{2B1169AA-18C2-4C16-8243-3831EA8C522E}.Ad-Hoc|Any CPU.ActiveCfg = Release|Any CPU
		{2B1169AA-18C2-4C16-8243-3831EA8C522E}.Ad-Hoc|Any CPU.Build.0 = Release|Any CPU
		{2B1169AA-18C2-4C16-8243-3831EA8C522E}.Ad-Hoc|ARM.ActiveCfg = Release|Any CPU
		{2B1169AA-18C2-4C16-8243-3831EA8C522E}.Ad-Hoc|ARM.Build.0 = Release|Any CPU
		{2B1169AA-18C2-4C16-8243-3831EA8C522E}.Ad-Hoc|iPhone.ActiveCfg = Release|Any CPU
		{2B1169AA-18C2-4C16-8243-3831EA8C522E}.Ad-Hoc|iPhone.Build.0 = Release|Any CPU
		{2B1169AA-18C2-4C16-8243-3831EA8C522E}.Ad-Hoc|iPhoneSimulator.ActiveCfg = Release|Any CPU
		{2B1169AA-18C2-4C16-8243-3831EA8C522E}.Ad-Hoc|iPhoneSimulator.Build.0 = Release|Any CPU
		{2B1169AA-18C2-4C16-8243-3831EA8C522E}.Ad-Hoc|x64.ActiveCfg = Release|Any CPU
		{2B1169AA-18C2-4C16-8243-3831EA8C522E}.Ad-Hoc|x64.Build.0 = Release|Any CPU
		{2B1169AA-18C2-4C16-8243-3831EA8C522E}.Ad-Hoc|x86.ActiveCfg = Release|Any CPU
		{2B1169AA-18C2-4C16-8243-3831EA8C522E}.Ad-Hoc|x86.Build.0 = Release|Any CPU
		{2B1169AA-18C2-4C16-8243-3831EA8C522E}.AppStore|Any CPU.ActiveCfg = Release|Any CPU
		{2B1169AA-18C2-4C16-8243-3831EA8C522E}.AppStore|Any CPU.Build.0 = Release|Any CPU
		{2B1169AA-18C2-4C16-8243-3831EA8C522E}.AppStore|ARM.ActiveCfg = Release|Any CPU
		{2B1169AA-18C2-4C16-8243-3831EA8C522E}.AppStore|ARM.Build.0 = Release|Any CPU
		{2B1169AA-18C2-4C16-8243-3831EA8C522E}.AppStore|iPhone.ActiveCfg = Release|Any CPU
		{2B1169AA-18C2-4C16-8243-3831EA8C522E}.AppStore|iPhone.Build.0 = Release|Any CPU
		{2B1169AA-18C2-4C16-8243-3831EA8C522E}.AppStore|iPhoneSimulator.ActiveCfg = Release|Any CPU
		{2B1169AA-18C2-4C16-8243-3831EA8C522E}.AppStore|iPhoneSimulator.Build.0 = Release|Any CPU
		{2B1169AA-18C2-4C16-8243-3831EA8C522E}.AppStore|x64.ActiveCfg = Release|Any CPU
		{2B1169AA-18C2-4C16-8243-3831EA8C522E}.AppStore|x64.Build.0 = Release|Any CPU
		{2B1169AA-18C2-4C16-8243-3831EA8C522E}.AppStore|x86.ActiveCfg = Release|Any CPU
		{2B1169AA-18C2-4C16-8243-3831EA8C522E}.AppStore|x86.Build.0 = Release|Any CPU
		{2B1169AA-18C2-4C16-8243-3831EA8C522E}.Debug|Any CPU.ActiveCfg = Debug|Any CPU
		{2B1169AA-18C2-4C16-8243-3831EA8C522E}.Debug|Any CPU.Build.0 = Debug|Any CPU
		{2B1169AA-18C2-4C16-8243-3831EA8C522E}.Debug|ARM.ActiveCfg = Debug|Any CPU
		{2B1169AA-18C2-4C16-8243-3831EA8C522E}.Debug|ARM.Build.0 = Debug|Any CPU
		{2B1169AA-18C2-4C16-8243-3831EA8C522E}.Debug|iPhone.ActiveCfg = Debug|Any CPU
		{2B1169AA-18C2-4C16-8243-3831EA8C522E}.Debug|iPhone.Build.0 = Debug|Any CPU
		{2B1169AA-18C2-4C16-8243-3831EA8C522E}.Debug|iPhoneSimulator.ActiveCfg = Debug|Any CPU
		{2B1169AA-18C2-4C16-8243-3831EA8C522E}.Debug|iPhoneSimulator.Build.0 = Debug|Any CPU
		{2B1169AA-18C2-4C16-8243-3831EA8C522E}.Debug|x64.ActiveCfg = Debug|Any CPU
		{2B1169AA-18C2-4C16-8243-3831EA8C522E}.Debug|x64.Build.0 = Debug|Any CPU
		{2B1169AA-18C2-4C16-8243-3831EA8C522E}.Debug|x86.ActiveCfg = Debug|Any CPU
		{2B1169AA-18C2-4C16-8243-3831EA8C522E}.Debug|x86.Build.0 = Debug|Any CPU
		{2B1169AA-18C2-4C16-8243-3831EA8C522E}.Release|Any CPU.ActiveCfg = Release|Any CPU
		{2B1169AA-18C2-4C16-8243-3831EA8C522E}.Release|Any CPU.Build.0 = Release|Any CPU
		{2B1169AA-18C2-4C16-8243-3831EA8C522E}.Release|ARM.ActiveCfg = Release|Any CPU
		{2B1169AA-18C2-4C16-8243-3831EA8C522E}.Release|ARM.Build.0 = Release|Any CPU
		{2B1169AA-18C2-4C16-8243-3831EA8C522E}.Release|iPhone.ActiveCfg = Release|Any CPU
		{2B1169AA-18C2-4C16-8243-3831EA8C522E}.Release|iPhone.Build.0 = Release|Any CPU
		{2B1169AA-18C2-4C16-8243-3831EA8C522E}.Release|iPhoneSimulator.ActiveCfg = Release|Any CPU
		{2B1169AA-18C2-4C16-8243-3831EA8C522E}.Release|iPhoneSimulator.Build.0 = Release|Any CPU
		{2B1169AA-18C2-4C16-8243-3831EA8C522E}.Release|x64.ActiveCfg = Release|Any CPU
		{2B1169AA-18C2-4C16-8243-3831EA8C522E}.Release|x64.Build.0 = Release|Any CPU
		{2B1169AA-18C2-4C16-8243-3831EA8C522E}.Release|x86.ActiveCfg = Release|Any CPU
		{2B1169AA-18C2-4C16-8243-3831EA8C522E}.Release|x86.Build.0 = Release|Any CPU
		{26F5CDBE-735B-4801-8B54-CE8F4E65DED4}.Ad-Hoc|Any CPU.ActiveCfg = Release|Any CPU
		{26F5CDBE-735B-4801-8B54-CE8F4E65DED4}.Ad-Hoc|Any CPU.Build.0 = Release|Any CPU
		{26F5CDBE-735B-4801-8B54-CE8F4E65DED4}.Ad-Hoc|ARM.ActiveCfg = Release|Any CPU
		{26F5CDBE-735B-4801-8B54-CE8F4E65DED4}.Ad-Hoc|ARM.Build.0 = Release|Any CPU
		{26F5CDBE-735B-4801-8B54-CE8F4E65DED4}.Ad-Hoc|iPhone.ActiveCfg = Release|Any CPU
		{26F5CDBE-735B-4801-8B54-CE8F4E65DED4}.Ad-Hoc|iPhone.Build.0 = Release|Any CPU
		{26F5CDBE-735B-4801-8B54-CE8F4E65DED4}.Ad-Hoc|iPhoneSimulator.ActiveCfg = Release|Any CPU
		{26F5CDBE-735B-4801-8B54-CE8F4E65DED4}.Ad-Hoc|iPhoneSimulator.Build.0 = Release|Any CPU
		{26F5CDBE-735B-4801-8B54-CE8F4E65DED4}.Ad-Hoc|x64.ActiveCfg = Release|Any CPU
		{26F5CDBE-735B-4801-8B54-CE8F4E65DED4}.Ad-Hoc|x64.Build.0 = Release|Any CPU
		{26F5CDBE-735B-4801-8B54-CE8F4E65DED4}.Ad-Hoc|x86.ActiveCfg = Release|Any CPU
		{26F5CDBE-735B-4801-8B54-CE8F4E65DED4}.Ad-Hoc|x86.Build.0 = Release|Any CPU
		{26F5CDBE-735B-4801-8B54-CE8F4E65DED4}.AppStore|Any CPU.ActiveCfg = Release|Any CPU
		{26F5CDBE-735B-4801-8B54-CE8F4E65DED4}.AppStore|Any CPU.Build.0 = Release|Any CPU
		{26F5CDBE-735B-4801-8B54-CE8F4E65DED4}.AppStore|ARM.ActiveCfg = Release|Any CPU
		{26F5CDBE-735B-4801-8B54-CE8F4E65DED4}.AppStore|ARM.Build.0 = Release|Any CPU
		{26F5CDBE-735B-4801-8B54-CE8F4E65DED4}.AppStore|iPhone.ActiveCfg = Release|Any CPU
		{26F5CDBE-735B-4801-8B54-CE8F4E65DED4}.AppStore|iPhone.Build.0 = Release|Any CPU
		{26F5CDBE-735B-4801-8B54-CE8F4E65DED4}.AppStore|iPhoneSimulator.ActiveCfg = Release|Any CPU
		{26F5CDBE-735B-4801-8B54-CE8F4E65DED4}.AppStore|iPhoneSimulator.Build.0 = Release|Any CPU
		{26F5CDBE-735B-4801-8B54-CE8F4E65DED4}.AppStore|x64.ActiveCfg = Release|Any CPU
		{26F5CDBE-735B-4801-8B54-CE8F4E65DED4}.AppStore|x64.Build.0 = Release|Any CPU
		{26F5CDBE-735B-4801-8B54-CE8F4E65DED4}.AppStore|x86.ActiveCfg = Release|Any CPU
		{26F5CDBE-735B-4801-8B54-CE8F4E65DED4}.AppStore|x86.Build.0 = Release|Any CPU
		{26F5CDBE-735B-4801-8B54-CE8F4E65DED4}.Debug|Any CPU.ActiveCfg = Debug|Any CPU
		{26F5CDBE-735B-4801-8B54-CE8F4E65DED4}.Debug|Any CPU.Build.0 = Debug|Any CPU
		{26F5CDBE-735B-4801-8B54-CE8F4E65DED4}.Debug|ARM.ActiveCfg = Debug|Any CPU
		{26F5CDBE-735B-4801-8B54-CE8F4E65DED4}.Debug|ARM.Build.0 = Debug|Any CPU
		{26F5CDBE-735B-4801-8B54-CE8F4E65DED4}.Debug|iPhone.ActiveCfg = Debug|Any CPU
		{26F5CDBE-735B-4801-8B54-CE8F4E65DED4}.Debug|iPhone.Build.0 = Debug|Any CPU
		{26F5CDBE-735B-4801-8B54-CE8F4E65DED4}.Debug|iPhoneSimulator.ActiveCfg = Debug|Any CPU
		{26F5CDBE-735B-4801-8B54-CE8F4E65DED4}.Debug|iPhoneSimulator.Build.0 = Debug|Any CPU
		{26F5CDBE-735B-4801-8B54-CE8F4E65DED4}.Debug|x64.ActiveCfg = Debug|Any CPU
		{26F5CDBE-735B-4801-8B54-CE8F4E65DED4}.Debug|x64.Build.0 = Debug|Any CPU
		{26F5CDBE-735B-4801-8B54-CE8F4E65DED4}.Debug|x86.ActiveCfg = Debug|Any CPU
		{26F5CDBE-735B-4801-8B54-CE8F4E65DED4}.Debug|x86.Build.0 = Debug|Any CPU
		{26F5CDBE-735B-4801-8B54-CE8F4E65DED4}.Release|Any CPU.ActiveCfg = Release|Any CPU
		{26F5CDBE-735B-4801-8B54-CE8F4E65DED4}.Release|Any CPU.Build.0 = Release|Any CPU
		{26F5CDBE-735B-4801-8B54-CE8F4E65DED4}.Release|ARM.ActiveCfg = Release|Any CPU
		{26F5CDBE-735B-4801-8B54-CE8F4E65DED4}.Release|ARM.Build.0 = Release|Any CPU
		{26F5CDBE-735B-4801-8B54-CE8F4E65DED4}.Release|iPhone.ActiveCfg = Release|Any CPU
		{26F5CDBE-735B-4801-8B54-CE8F4E65DED4}.Release|iPhone.Build.0 = Release|Any CPU
		{26F5CDBE-735B-4801-8B54-CE8F4E65DED4}.Release|iPhoneSimulator.ActiveCfg = Release|Any CPU
		{26F5CDBE-735B-4801-8B54-CE8F4E65DED4}.Release|iPhoneSimulator.Build.0 = Release|Any CPU
		{26F5CDBE-735B-4801-8B54-CE8F4E65DED4}.Release|x64.ActiveCfg = Release|Any CPU
		{26F5CDBE-735B-4801-8B54-CE8F4E65DED4}.Release|x64.Build.0 = Release|Any CPU
		{26F5CDBE-735B-4801-8B54-CE8F4E65DED4}.Release|x86.ActiveCfg = Release|Any CPU
		{26F5CDBE-735B-4801-8B54-CE8F4E65DED4}.Release|x86.Build.0 = Release|Any CPU
		{E9D43956-A93C-42FA-AC89-854E3C61FF23}.Ad-Hoc|Any CPU.ActiveCfg = Release|Any CPU
		{E9D43956-A93C-42FA-AC89-854E3C61FF23}.Ad-Hoc|Any CPU.Build.0 = Release|Any CPU
		{E9D43956-A93C-42FA-AC89-854E3C61FF23}.Ad-Hoc|Any CPU.Deploy.0 = Release|Any CPU
		{E9D43956-A93C-42FA-AC89-854E3C61FF23}.Ad-Hoc|ARM.ActiveCfg = Release|ARM
		{E9D43956-A93C-42FA-AC89-854E3C61FF23}.Ad-Hoc|ARM.Build.0 = Release|ARM
		{E9D43956-A93C-42FA-AC89-854E3C61FF23}.Ad-Hoc|ARM.Deploy.0 = Release|ARM
		{E9D43956-A93C-42FA-AC89-854E3C61FF23}.Ad-Hoc|iPhone.ActiveCfg = Release|Any CPU
		{E9D43956-A93C-42FA-AC89-854E3C61FF23}.Ad-Hoc|iPhone.Build.0 = Release|Any CPU
		{E9D43956-A93C-42FA-AC89-854E3C61FF23}.Ad-Hoc|iPhone.Deploy.0 = Release|Any CPU
		{E9D43956-A93C-42FA-AC89-854E3C61FF23}.Ad-Hoc|iPhoneSimulator.ActiveCfg = Release|Any CPU
		{E9D43956-A93C-42FA-AC89-854E3C61FF23}.Ad-Hoc|iPhoneSimulator.Build.0 = Release|Any CPU
		{E9D43956-A93C-42FA-AC89-854E3C61FF23}.Ad-Hoc|iPhoneSimulator.Deploy.0 = Release|Any CPU
		{E9D43956-A93C-42FA-AC89-854E3C61FF23}.Ad-Hoc|x64.ActiveCfg = Release|x64
		{E9D43956-A93C-42FA-AC89-854E3C61FF23}.Ad-Hoc|x64.Build.0 = Release|x64
		{E9D43956-A93C-42FA-AC89-854E3C61FF23}.Ad-Hoc|x64.Deploy.0 = Release|x64
		{E9D43956-A93C-42FA-AC89-854E3C61FF23}.Ad-Hoc|x86.ActiveCfg = Release|x86
		{E9D43956-A93C-42FA-AC89-854E3C61FF23}.Ad-Hoc|x86.Build.0 = Release|x86
		{E9D43956-A93C-42FA-AC89-854E3C61FF23}.Ad-Hoc|x86.Deploy.0 = Release|x86
		{E9D43956-A93C-42FA-AC89-854E3C61FF23}.AppStore|Any CPU.ActiveCfg = Release|Any CPU
		{E9D43956-A93C-42FA-AC89-854E3C61FF23}.AppStore|Any CPU.Build.0 = Release|Any CPU
		{E9D43956-A93C-42FA-AC89-854E3C61FF23}.AppStore|Any CPU.Deploy.0 = Release|Any CPU
		{E9D43956-A93C-42FA-AC89-854E3C61FF23}.AppStore|ARM.ActiveCfg = Release|ARM
		{E9D43956-A93C-42FA-AC89-854E3C61FF23}.AppStore|ARM.Build.0 = Release|ARM
		{E9D43956-A93C-42FA-AC89-854E3C61FF23}.AppStore|ARM.Deploy.0 = Release|ARM
		{E9D43956-A93C-42FA-AC89-854E3C61FF23}.AppStore|iPhone.ActiveCfg = Release|Any CPU
		{E9D43956-A93C-42FA-AC89-854E3C61FF23}.AppStore|iPhone.Build.0 = Release|Any CPU
		{E9D43956-A93C-42FA-AC89-854E3C61FF23}.AppStore|iPhone.Deploy.0 = Release|Any CPU
		{E9D43956-A93C-42FA-AC89-854E3C61FF23}.AppStore|iPhoneSimulator.ActiveCfg = Release|Any CPU
		{E9D43956-A93C-42FA-AC89-854E3C61FF23}.AppStore|iPhoneSimulator.Build.0 = Release|Any CPU
		{E9D43956-A93C-42FA-AC89-854E3C61FF23}.AppStore|iPhoneSimulator.Deploy.0 = Release|Any CPU
		{E9D43956-A93C-42FA-AC89-854E3C61FF23}.AppStore|x64.ActiveCfg = Release|x64
		{E9D43956-A93C-42FA-AC89-854E3C61FF23}.AppStore|x64.Build.0 = Release|x64
		{E9D43956-A93C-42FA-AC89-854E3C61FF23}.AppStore|x64.Deploy.0 = Release|x64
		{E9D43956-A93C-42FA-AC89-854E3C61FF23}.AppStore|x86.ActiveCfg = Release|x86
		{E9D43956-A93C-42FA-AC89-854E3C61FF23}.AppStore|x86.Build.0 = Release|x86
		{E9D43956-A93C-42FA-AC89-854E3C61FF23}.AppStore|x86.Deploy.0 = Release|x86
		{E9D43956-A93C-42FA-AC89-854E3C61FF23}.Debug|Any CPU.ActiveCfg = Debug|Any CPU
		{E9D43956-A93C-42FA-AC89-854E3C61FF23}.Debug|Any CPU.Build.0 = Debug|Any CPU
		{E9D43956-A93C-42FA-AC89-854E3C61FF23}.Debug|Any CPU.Deploy.0 = Debug|Any CPU
		{E9D43956-A93C-42FA-AC89-854E3C61FF23}.Debug|ARM.ActiveCfg = Debug|ARM
		{E9D43956-A93C-42FA-AC89-854E3C61FF23}.Debug|ARM.Build.0 = Debug|ARM
		{E9D43956-A93C-42FA-AC89-854E3C61FF23}.Debug|ARM.Deploy.0 = Debug|ARM
		{E9D43956-A93C-42FA-AC89-854E3C61FF23}.Debug|iPhone.ActiveCfg = Debug|Any CPU
		{E9D43956-A93C-42FA-AC89-854E3C61FF23}.Debug|iPhone.Build.0 = Debug|Any CPU
		{E9D43956-A93C-42FA-AC89-854E3C61FF23}.Debug|iPhone.Deploy.0 = Debug|Any CPU
		{E9D43956-A93C-42FA-AC89-854E3C61FF23}.Debug|iPhoneSimulator.ActiveCfg = Debug|Any CPU
		{E9D43956-A93C-42FA-AC89-854E3C61FF23}.Debug|iPhoneSimulator.Build.0 = Debug|Any CPU
		{E9D43956-A93C-42FA-AC89-854E3C61FF23}.Debug|iPhoneSimulator.Deploy.0 = Debug|Any CPU
		{E9D43956-A93C-42FA-AC89-854E3C61FF23}.Debug|x64.ActiveCfg = Debug|x64
		{E9D43956-A93C-42FA-AC89-854E3C61FF23}.Debug|x64.Build.0 = Debug|x64
		{E9D43956-A93C-42FA-AC89-854E3C61FF23}.Debug|x64.Deploy.0 = Debug|x64
		{E9D43956-A93C-42FA-AC89-854E3C61FF23}.Debug|x86.ActiveCfg = Debug|x86
		{E9D43956-A93C-42FA-AC89-854E3C61FF23}.Debug|x86.Build.0 = Debug|x86
		{E9D43956-A93C-42FA-AC89-854E3C61FF23}.Debug|x86.Deploy.0 = Debug|x86
		{E9D43956-A93C-42FA-AC89-854E3C61FF23}.Release|Any CPU.ActiveCfg = Release|Any CPU
		{E9D43956-A93C-42FA-AC89-854E3C61FF23}.Release|Any CPU.Build.0 = Release|Any CPU
		{E9D43956-A93C-42FA-AC89-854E3C61FF23}.Release|Any CPU.Deploy.0 = Release|Any CPU
		{E9D43956-A93C-42FA-AC89-854E3C61FF23}.Release|ARM.ActiveCfg = Release|ARM
		{E9D43956-A93C-42FA-AC89-854E3C61FF23}.Release|ARM.Build.0 = Release|ARM
		{E9D43956-A93C-42FA-AC89-854E3C61FF23}.Release|ARM.Deploy.0 = Release|ARM
		{E9D43956-A93C-42FA-AC89-854E3C61FF23}.Release|iPhone.ActiveCfg = Release|Any CPU
		{E9D43956-A93C-42FA-AC89-854E3C61FF23}.Release|iPhone.Build.0 = Release|Any CPU
		{E9D43956-A93C-42FA-AC89-854E3C61FF23}.Release|iPhone.Deploy.0 = Release|Any CPU
		{E9D43956-A93C-42FA-AC89-854E3C61FF23}.Release|iPhoneSimulator.ActiveCfg = Release|Any CPU
		{E9D43956-A93C-42FA-AC89-854E3C61FF23}.Release|iPhoneSimulator.Build.0 = Release|Any CPU
		{E9D43956-A93C-42FA-AC89-854E3C61FF23}.Release|iPhoneSimulator.Deploy.0 = Release|Any CPU
		{E9D43956-A93C-42FA-AC89-854E3C61FF23}.Release|x64.ActiveCfg = Release|x64
		{E9D43956-A93C-42FA-AC89-854E3C61FF23}.Release|x64.Build.0 = Release|x64
		{E9D43956-A93C-42FA-AC89-854E3C61FF23}.Release|x64.Deploy.0 = Release|x64
		{E9D43956-A93C-42FA-AC89-854E3C61FF23}.Release|x86.ActiveCfg = Release|x86
		{E9D43956-A93C-42FA-AC89-854E3C61FF23}.Release|x86.Build.0 = Release|x86
		{E9D43956-A93C-42FA-AC89-854E3C61FF23}.Release|x86.Deploy.0 = Release|x86
		{D4F91F88-E1DF-4DE6-93CB-7C4F1547BF87}.Ad-Hoc|Any CPU.ActiveCfg = Release|Any CPU
		{D4F91F88-E1DF-4DE6-93CB-7C4F1547BF87}.Ad-Hoc|Any CPU.Build.0 = Release|Any CPU
		{D4F91F88-E1DF-4DE6-93CB-7C4F1547BF87}.Ad-Hoc|Any CPU.Deploy.0 = Release|Any CPU
		{D4F91F88-E1DF-4DE6-93CB-7C4F1547BF87}.Ad-Hoc|ARM.ActiveCfg = Release|ARM
		{D4F91F88-E1DF-4DE6-93CB-7C4F1547BF87}.Ad-Hoc|ARM.Build.0 = Release|ARM
		{D4F91F88-E1DF-4DE6-93CB-7C4F1547BF87}.Ad-Hoc|ARM.Deploy.0 = Release|ARM
		{D4F91F88-E1DF-4DE6-93CB-7C4F1547BF87}.Ad-Hoc|iPhone.ActiveCfg = Release|Any CPU
		{D4F91F88-E1DF-4DE6-93CB-7C4F1547BF87}.Ad-Hoc|iPhone.Build.0 = Release|Any CPU
		{D4F91F88-E1DF-4DE6-93CB-7C4F1547BF87}.Ad-Hoc|iPhone.Deploy.0 = Release|Any CPU
		{D4F91F88-E1DF-4DE6-93CB-7C4F1547BF87}.Ad-Hoc|iPhoneSimulator.ActiveCfg = Release|Any CPU
		{D4F91F88-E1DF-4DE6-93CB-7C4F1547BF87}.Ad-Hoc|iPhoneSimulator.Build.0 = Release|Any CPU
		{D4F91F88-E1DF-4DE6-93CB-7C4F1547BF87}.Ad-Hoc|iPhoneSimulator.Deploy.0 = Release|Any CPU
		{D4F91F88-E1DF-4DE6-93CB-7C4F1547BF87}.Ad-Hoc|x64.ActiveCfg = Release|Any CPU
		{D4F91F88-E1DF-4DE6-93CB-7C4F1547BF87}.Ad-Hoc|x64.Build.0 = Release|Any CPU
		{D4F91F88-E1DF-4DE6-93CB-7C4F1547BF87}.Ad-Hoc|x64.Deploy.0 = Release|Any CPU
		{D4F91F88-E1DF-4DE6-93CB-7C4F1547BF87}.Ad-Hoc|x86.ActiveCfg = Release|x86
		{D4F91F88-E1DF-4DE6-93CB-7C4F1547BF87}.Ad-Hoc|x86.Build.0 = Release|x86
		{D4F91F88-E1DF-4DE6-93CB-7C4F1547BF87}.Ad-Hoc|x86.Deploy.0 = Release|x86
		{D4F91F88-E1DF-4DE6-93CB-7C4F1547BF87}.AppStore|Any CPU.ActiveCfg = Release|Any CPU
		{D4F91F88-E1DF-4DE6-93CB-7C4F1547BF87}.AppStore|Any CPU.Build.0 = Release|Any CPU
		{D4F91F88-E1DF-4DE6-93CB-7C4F1547BF87}.AppStore|Any CPU.Deploy.0 = Release|Any CPU
		{D4F91F88-E1DF-4DE6-93CB-7C4F1547BF87}.AppStore|ARM.ActiveCfg = Release|ARM
		{D4F91F88-E1DF-4DE6-93CB-7C4F1547BF87}.AppStore|ARM.Build.0 = Release|ARM
		{D4F91F88-E1DF-4DE6-93CB-7C4F1547BF87}.AppStore|ARM.Deploy.0 = Release|ARM
		{D4F91F88-E1DF-4DE6-93CB-7C4F1547BF87}.AppStore|iPhone.ActiveCfg = Release|Any CPU
		{D4F91F88-E1DF-4DE6-93CB-7C4F1547BF87}.AppStore|iPhone.Build.0 = Release|Any CPU
		{D4F91F88-E1DF-4DE6-93CB-7C4F1547BF87}.AppStore|iPhone.Deploy.0 = Release|Any CPU
		{D4F91F88-E1DF-4DE6-93CB-7C4F1547BF87}.AppStore|iPhoneSimulator.ActiveCfg = Release|Any CPU
		{D4F91F88-E1DF-4DE6-93CB-7C4F1547BF87}.AppStore|iPhoneSimulator.Build.0 = Release|Any CPU
		{D4F91F88-E1DF-4DE6-93CB-7C4F1547BF87}.AppStore|iPhoneSimulator.Deploy.0 = Release|Any CPU
		{D4F91F88-E1DF-4DE6-93CB-7C4F1547BF87}.AppStore|x64.ActiveCfg = Release|Any CPU
		{D4F91F88-E1DF-4DE6-93CB-7C4F1547BF87}.AppStore|x64.Build.0 = Release|Any CPU
		{D4F91F88-E1DF-4DE6-93CB-7C4F1547BF87}.AppStore|x64.Deploy.0 = Release|Any CPU
		{D4F91F88-E1DF-4DE6-93CB-7C4F1547BF87}.AppStore|x86.ActiveCfg = Release|x86
		{D4F91F88-E1DF-4DE6-93CB-7C4F1547BF87}.AppStore|x86.Build.0 = Release|x86
		{D4F91F88-E1DF-4DE6-93CB-7C4F1547BF87}.AppStore|x86.Deploy.0 = Release|x86
		{D4F91F88-E1DF-4DE6-93CB-7C4F1547BF87}.Debug|Any CPU.ActiveCfg = Debug|Any CPU
		{D4F91F88-E1DF-4DE6-93CB-7C4F1547BF87}.Debug|Any CPU.Build.0 = Debug|Any CPU
		{D4F91F88-E1DF-4DE6-93CB-7C4F1547BF87}.Debug|Any CPU.Deploy.0 = Debug|Any CPU
		{D4F91F88-E1DF-4DE6-93CB-7C4F1547BF87}.Debug|ARM.ActiveCfg = Debug|ARM
		{D4F91F88-E1DF-4DE6-93CB-7C4F1547BF87}.Debug|ARM.Build.0 = Debug|ARM
		{D4F91F88-E1DF-4DE6-93CB-7C4F1547BF87}.Debug|ARM.Deploy.0 = Debug|ARM
		{D4F91F88-E1DF-4DE6-93CB-7C4F1547BF87}.Debug|iPhone.ActiveCfg = Debug|Any CPU
		{D4F91F88-E1DF-4DE6-93CB-7C4F1547BF87}.Debug|iPhone.Build.0 = Debug|Any CPU
		{D4F91F88-E1DF-4DE6-93CB-7C4F1547BF87}.Debug|iPhone.Deploy.0 = Debug|Any CPU
		{D4F91F88-E1DF-4DE6-93CB-7C4F1547BF87}.Debug|iPhoneSimulator.ActiveCfg = Debug|Any CPU
		{D4F91F88-E1DF-4DE6-93CB-7C4F1547BF87}.Debug|iPhoneSimulator.Build.0 = Debug|Any CPU
		{D4F91F88-E1DF-4DE6-93CB-7C4F1547BF87}.Debug|iPhoneSimulator.Deploy.0 = Debug|Any CPU
		{D4F91F88-E1DF-4DE6-93CB-7C4F1547BF87}.Debug|x64.ActiveCfg = Debug|Any CPU
		{D4F91F88-E1DF-4DE6-93CB-7C4F1547BF87}.Debug|x64.Build.0 = Debug|Any CPU
		{D4F91F88-E1DF-4DE6-93CB-7C4F1547BF87}.Debug|x64.Deploy.0 = Debug|Any CPU
		{D4F91F88-E1DF-4DE6-93CB-7C4F1547BF87}.Debug|x86.ActiveCfg = Debug|x86
		{D4F91F88-E1DF-4DE6-93CB-7C4F1547BF87}.Debug|x86.Build.0 = Debug|x86
		{D4F91F88-E1DF-4DE6-93CB-7C4F1547BF87}.Debug|x86.Deploy.0 = Debug|x86
		{D4F91F88-E1DF-4DE6-93CB-7C4F1547BF87}.Release|Any CPU.ActiveCfg = Release|Any CPU
		{D4F91F88-E1DF-4DE6-93CB-7C4F1547BF87}.Release|Any CPU.Build.0 = Release|Any CPU
		{D4F91F88-E1DF-4DE6-93CB-7C4F1547BF87}.Release|Any CPU.Deploy.0 = Release|Any CPU
		{D4F91F88-E1DF-4DE6-93CB-7C4F1547BF87}.Release|ARM.ActiveCfg = Release|ARM
		{D4F91F88-E1DF-4DE6-93CB-7C4F1547BF87}.Release|ARM.Build.0 = Release|ARM
		{D4F91F88-E1DF-4DE6-93CB-7C4F1547BF87}.Release|ARM.Deploy.0 = Release|ARM
		{D4F91F88-E1DF-4DE6-93CB-7C4F1547BF87}.Release|iPhone.ActiveCfg = Release|Any CPU
		{D4F91F88-E1DF-4DE6-93CB-7C4F1547BF87}.Release|iPhone.Build.0 = Release|Any CPU
		{D4F91F88-E1DF-4DE6-93CB-7C4F1547BF87}.Release|iPhone.Deploy.0 = Release|Any CPU
		{D4F91F88-E1DF-4DE6-93CB-7C4F1547BF87}.Release|iPhoneSimulator.ActiveCfg = Release|Any CPU
		{D4F91F88-E1DF-4DE6-93CB-7C4F1547BF87}.Release|iPhoneSimulator.Build.0 = Release|Any CPU
		{D4F91F88-E1DF-4DE6-93CB-7C4F1547BF87}.Release|iPhoneSimulator.Deploy.0 = Release|Any CPU
		{D4F91F88-E1DF-4DE6-93CB-7C4F1547BF87}.Release|x64.ActiveCfg = Release|Any CPU
		{D4F91F88-E1DF-4DE6-93CB-7C4F1547BF87}.Release|x64.Build.0 = Release|Any CPU
		{D4F91F88-E1DF-4DE6-93CB-7C4F1547BF87}.Release|x64.Deploy.0 = Release|Any CPU
		{D4F91F88-E1DF-4DE6-93CB-7C4F1547BF87}.Release|x86.ActiveCfg = Release|x86
		{D4F91F88-E1DF-4DE6-93CB-7C4F1547BF87}.Release|x86.Build.0 = Release|x86
		{D4F91F88-E1DF-4DE6-93CB-7C4F1547BF87}.Release|x86.Deploy.0 = Release|x86
		{08B78219-4B19-4625-81CE-D951DF022344}.Ad-Hoc|Any CPU.ActiveCfg = Release|Any CPU
		{08B78219-4B19-4625-81CE-D951DF022344}.Ad-Hoc|Any CPU.Build.0 = Release|Any CPU
		{08B78219-4B19-4625-81CE-D951DF022344}.Ad-Hoc|ARM.ActiveCfg = Release|Any CPU
		{08B78219-4B19-4625-81CE-D951DF022344}.Ad-Hoc|ARM.Build.0 = Release|Any CPU
		{08B78219-4B19-4625-81CE-D951DF022344}.Ad-Hoc|iPhone.ActiveCfg = Release|Any CPU
		{08B78219-4B19-4625-81CE-D951DF022344}.Ad-Hoc|iPhone.Build.0 = Release|Any CPU
		{08B78219-4B19-4625-81CE-D951DF022344}.Ad-Hoc|iPhoneSimulator.ActiveCfg = Release|Any CPU
		{08B78219-4B19-4625-81CE-D951DF022344}.Ad-Hoc|iPhoneSimulator.Build.0 = Release|Any CPU
		{08B78219-4B19-4625-81CE-D951DF022344}.Ad-Hoc|x64.ActiveCfg = Release|Any CPU
		{08B78219-4B19-4625-81CE-D951DF022344}.Ad-Hoc|x64.Build.0 = Release|Any CPU
		{08B78219-4B19-4625-81CE-D951DF022344}.Ad-Hoc|x86.ActiveCfg = Release|Any CPU
		{08B78219-4B19-4625-81CE-D951DF022344}.Ad-Hoc|x86.Build.0 = Release|Any CPU
		{08B78219-4B19-4625-81CE-D951DF022344}.AppStore|Any CPU.ActiveCfg = Release|Any CPU
		{08B78219-4B19-4625-81CE-D951DF022344}.AppStore|Any CPU.Build.0 = Release|Any CPU
		{08B78219-4B19-4625-81CE-D951DF022344}.AppStore|ARM.ActiveCfg = Release|Any CPU
		{08B78219-4B19-4625-81CE-D951DF022344}.AppStore|ARM.Build.0 = Release|Any CPU
		{08B78219-4B19-4625-81CE-D951DF022344}.AppStore|iPhone.ActiveCfg = Release|Any CPU
		{08B78219-4B19-4625-81CE-D951DF022344}.AppStore|iPhone.Build.0 = Release|Any CPU
		{08B78219-4B19-4625-81CE-D951DF022344}.AppStore|iPhoneSimulator.ActiveCfg = Release|Any CPU
		{08B78219-4B19-4625-81CE-D951DF022344}.AppStore|iPhoneSimulator.Build.0 = Release|Any CPU
		{08B78219-4B19-4625-81CE-D951DF022344}.AppStore|x64.ActiveCfg = Release|Any CPU
		{08B78219-4B19-4625-81CE-D951DF022344}.AppStore|x64.Build.0 = Release|Any CPU
		{08B78219-4B19-4625-81CE-D951DF022344}.AppStore|x86.ActiveCfg = Release|Any CPU
		{08B78219-4B19-4625-81CE-D951DF022344}.AppStore|x86.Build.0 = Release|Any CPU
		{08B78219-4B19-4625-81CE-D951DF022344}.Debug|Any CPU.ActiveCfg = Debug|Any CPU
		{08B78219-4B19-4625-81CE-D951DF022344}.Debug|Any CPU.Build.0 = Debug|Any CPU
		{08B78219-4B19-4625-81CE-D951DF022344}.Debug|ARM.ActiveCfg = Debug|Any CPU
		{08B78219-4B19-4625-81CE-D951DF022344}.Debug|ARM.Build.0 = Debug|Any CPU
		{08B78219-4B19-4625-81CE-D951DF022344}.Debug|iPhone.ActiveCfg = Debug|Any CPU
		{08B78219-4B19-4625-81CE-D951DF022344}.Debug|iPhone.Build.0 = Debug|Any CPU
		{08B78219-4B19-4625-81CE-D951DF022344}.Debug|iPhoneSimulator.ActiveCfg = Debug|Any CPU
		{08B78219-4B19-4625-81CE-D951DF022344}.Debug|iPhoneSimulator.Build.0 = Debug|Any CPU
		{08B78219-4B19-4625-81CE-D951DF022344}.Debug|x64.ActiveCfg = Debug|Any CPU
		{08B78219-4B19-4625-81CE-D951DF022344}.Debug|x64.Build.0 = Debug|Any CPU
		{08B78219-4B19-4625-81CE-D951DF022344}.Debug|x86.ActiveCfg = Debug|Any CPU
		{08B78219-4B19-4625-81CE-D951DF022344}.Debug|x86.Build.0 = Debug|Any CPU
		{08B78219-4B19-4625-81CE-D951DF022344}.Release|Any CPU.ActiveCfg = Release|Any CPU
		{08B78219-4B19-4625-81CE-D951DF022344}.Release|Any CPU.Build.0 = Release|Any CPU
		{08B78219-4B19-4625-81CE-D951DF022344}.Release|ARM.ActiveCfg = Release|Any CPU
		{08B78219-4B19-4625-81CE-D951DF022344}.Release|ARM.Build.0 = Release|Any CPU
		{08B78219-4B19-4625-81CE-D951DF022344}.Release|iPhone.ActiveCfg = Release|Any CPU
		{08B78219-4B19-4625-81CE-D951DF022344}.Release|iPhone.Build.0 = Release|Any CPU
		{08B78219-4B19-4625-81CE-D951DF022344}.Release|iPhoneSimulator.ActiveCfg = Release|Any CPU
		{08B78219-4B19-4625-81CE-D951DF022344}.Release|iPhoneSimulator.Build.0 = Release|Any CPU
		{08B78219-4B19-4625-81CE-D951DF022344}.Release|x64.ActiveCfg = Release|Any CPU
		{08B78219-4B19-4625-81CE-D951DF022344}.Release|x64.Build.0 = Release|Any CPU
		{08B78219-4B19-4625-81CE-D951DF022344}.Release|x86.ActiveCfg = Release|Any CPU
		{08B78219-4B19-4625-81CE-D951DF022344}.Release|x86.Build.0 = Release|Any CPU
		{F0A4B5C1-97CB-4F49-8647-7346B32EBDDE}.Ad-Hoc|Any CPU.ActiveCfg = Ad-Hoc|iPhone
		{F0A4B5C1-97CB-4F49-8647-7346B32EBDDE}.Ad-Hoc|ARM.ActiveCfg = Ad-Hoc|iPhone
		{F0A4B5C1-97CB-4F49-8647-7346B32EBDDE}.Ad-Hoc|iPhone.ActiveCfg = Ad-Hoc|iPhone
		{F0A4B5C1-97CB-4F49-8647-7346B32EBDDE}.Ad-Hoc|iPhone.Build.0 = Ad-Hoc|iPhone
		{F0A4B5C1-97CB-4F49-8647-7346B32EBDDE}.Ad-Hoc|iPhoneSimulator.ActiveCfg = Ad-Hoc|iPhoneSimulator
		{F0A4B5C1-97CB-4F49-8647-7346B32EBDDE}.Ad-Hoc|iPhoneSimulator.Build.0 = Ad-Hoc|iPhoneSimulator
		{F0A4B5C1-97CB-4F49-8647-7346B32EBDDE}.Ad-Hoc|x64.ActiveCfg = Ad-Hoc|iPhone
		{F0A4B5C1-97CB-4F49-8647-7346B32EBDDE}.Ad-Hoc|x86.ActiveCfg = Ad-Hoc|iPhone
		{F0A4B5C1-97CB-4F49-8647-7346B32EBDDE}.AppStore|Any CPU.ActiveCfg = AppStore|iPhone
		{F0A4B5C1-97CB-4F49-8647-7346B32EBDDE}.AppStore|ARM.ActiveCfg = AppStore|iPhone
		{F0A4B5C1-97CB-4F49-8647-7346B32EBDDE}.AppStore|iPhone.ActiveCfg = AppStore|iPhone
		{F0A4B5C1-97CB-4F49-8647-7346B32EBDDE}.AppStore|iPhone.Build.0 = AppStore|iPhone
		{F0A4B5C1-97CB-4F49-8647-7346B32EBDDE}.AppStore|iPhoneSimulator.ActiveCfg = AppStore|iPhoneSimulator
		{F0A4B5C1-97CB-4F49-8647-7346B32EBDDE}.AppStore|iPhoneSimulator.Build.0 = AppStore|iPhoneSimulator
		{F0A4B5C1-97CB-4F49-8647-7346B32EBDDE}.AppStore|x64.ActiveCfg = AppStore|iPhone
		{F0A4B5C1-97CB-4F49-8647-7346B32EBDDE}.AppStore|x86.ActiveCfg = AppStore|iPhone
		{F0A4B5C1-97CB-4F49-8647-7346B32EBDDE}.Debug|Any CPU.ActiveCfg = Debug|iPhone
		{F0A4B5C1-97CB-4F49-8647-7346B32EBDDE}.Debug|ARM.ActiveCfg = Debug|iPhone
		{F0A4B5C1-97CB-4F49-8647-7346B32EBDDE}.Debug|iPhone.ActiveCfg = Debug|iPhone
		{F0A4B5C1-97CB-4F49-8647-7346B32EBDDE}.Debug|iPhone.Build.0 = Debug|iPhone
		{F0A4B5C1-97CB-4F49-8647-7346B32EBDDE}.Debug|iPhoneSimulator.ActiveCfg = Debug|iPhoneSimulator
		{F0A4B5C1-97CB-4F49-8647-7346B32EBDDE}.Debug|iPhoneSimulator.Build.0 = Debug|iPhoneSimulator
		{F0A4B5C1-97CB-4F49-8647-7346B32EBDDE}.Debug|x64.ActiveCfg = Debug|iPhone
		{F0A4B5C1-97CB-4F49-8647-7346B32EBDDE}.Debug|x86.ActiveCfg = Debug|iPhone
		{F0A4B5C1-97CB-4F49-8647-7346B32EBDDE}.Release|Any CPU.ActiveCfg = Release|iPhone
		{F0A4B5C1-97CB-4F49-8647-7346B32EBDDE}.Release|ARM.ActiveCfg = Release|iPhone
		{F0A4B5C1-97CB-4F49-8647-7346B32EBDDE}.Release|iPhone.ActiveCfg = Release|iPhone
		{F0A4B5C1-97CB-4F49-8647-7346B32EBDDE}.Release|iPhone.Build.0 = Release|iPhone
		{F0A4B5C1-97CB-4F49-8647-7346B32EBDDE}.Release|iPhoneSimulator.ActiveCfg = Release|iPhoneSimulator
		{F0A4B5C1-97CB-4F49-8647-7346B32EBDDE}.Release|iPhoneSimulator.Build.0 = Release|iPhoneSimulator
		{F0A4B5C1-97CB-4F49-8647-7346B32EBDDE}.Release|x64.ActiveCfg = Release|iPhone
		{F0A4B5C1-97CB-4F49-8647-7346B32EBDDE}.Release|x86.ActiveCfg = Release|iPhone
		{3CDB96A3-C39D-4EAC-9BA8-92CC6F34E3C4}.Ad-Hoc|Any CPU.ActiveCfg = Release|Any CPU
		{3CDB96A3-C39D-4EAC-9BA8-92CC6F34E3C4}.Ad-Hoc|Any CPU.Build.0 = Release|Any CPU
		{3CDB96A3-C39D-4EAC-9BA8-92CC6F34E3C4}.Ad-Hoc|Any CPU.Deploy.0 = Release|Any CPU
		{3CDB96A3-C39D-4EAC-9BA8-92CC6F34E3C4}.Ad-Hoc|ARM.ActiveCfg = Release|Any CPU
		{3CDB96A3-C39D-4EAC-9BA8-92CC6F34E3C4}.Ad-Hoc|ARM.Build.0 = Release|Any CPU
		{3CDB96A3-C39D-4EAC-9BA8-92CC6F34E3C4}.Ad-Hoc|ARM.Deploy.0 = Release|Any CPU
		{3CDB96A3-C39D-4EAC-9BA8-92CC6F34E3C4}.Ad-Hoc|iPhone.ActiveCfg = Release|Any CPU
		{3CDB96A3-C39D-4EAC-9BA8-92CC6F34E3C4}.Ad-Hoc|iPhone.Build.0 = Release|Any CPU
		{3CDB96A3-C39D-4EAC-9BA8-92CC6F34E3C4}.Ad-Hoc|iPhone.Deploy.0 = Release|Any CPU
		{3CDB96A3-C39D-4EAC-9BA8-92CC6F34E3C4}.Ad-Hoc|iPhoneSimulator.ActiveCfg = Release|Any CPU
		{3CDB96A3-C39D-4EAC-9BA8-92CC6F34E3C4}.Ad-Hoc|iPhoneSimulator.Build.0 = Release|Any CPU
		{3CDB96A3-C39D-4EAC-9BA8-92CC6F34E3C4}.Ad-Hoc|iPhoneSimulator.Deploy.0 = Release|Any CPU
		{3CDB96A3-C39D-4EAC-9BA8-92CC6F34E3C4}.Ad-Hoc|x64.ActiveCfg = Release|Any CPU
		{3CDB96A3-C39D-4EAC-9BA8-92CC6F34E3C4}.Ad-Hoc|x64.Build.0 = Release|Any CPU
		{3CDB96A3-C39D-4EAC-9BA8-92CC6F34E3C4}.Ad-Hoc|x64.Deploy.0 = Release|Any CPU
		{3CDB96A3-C39D-4EAC-9BA8-92CC6F34E3C4}.Ad-Hoc|x86.ActiveCfg = Release|Any CPU
		{3CDB96A3-C39D-4EAC-9BA8-92CC6F34E3C4}.Ad-Hoc|x86.Build.0 = Release|Any CPU
		{3CDB96A3-C39D-4EAC-9BA8-92CC6F34E3C4}.Ad-Hoc|x86.Deploy.0 = Release|Any CPU
		{3CDB96A3-C39D-4EAC-9BA8-92CC6F34E3C4}.AppStore|Any CPU.ActiveCfg = Release|Any CPU
		{3CDB96A3-C39D-4EAC-9BA8-92CC6F34E3C4}.AppStore|Any CPU.Build.0 = Release|Any CPU
		{3CDB96A3-C39D-4EAC-9BA8-92CC6F34E3C4}.AppStore|Any CPU.Deploy.0 = Release|Any CPU
		{3CDB96A3-C39D-4EAC-9BA8-92CC6F34E3C4}.AppStore|ARM.ActiveCfg = Release|Any CPU
		{3CDB96A3-C39D-4EAC-9BA8-92CC6F34E3C4}.AppStore|ARM.Build.0 = Release|Any CPU
		{3CDB96A3-C39D-4EAC-9BA8-92CC6F34E3C4}.AppStore|ARM.Deploy.0 = Release|Any CPU
		{3CDB96A3-C39D-4EAC-9BA8-92CC6F34E3C4}.AppStore|iPhone.ActiveCfg = Release|Any CPU
		{3CDB96A3-C39D-4EAC-9BA8-92CC6F34E3C4}.AppStore|iPhone.Build.0 = Release|Any CPU
		{3CDB96A3-C39D-4EAC-9BA8-92CC6F34E3C4}.AppStore|iPhone.Deploy.0 = Release|Any CPU
		{3CDB96A3-C39D-4EAC-9BA8-92CC6F34E3C4}.AppStore|iPhoneSimulator.ActiveCfg = Release|Any CPU
		{3CDB96A3-C39D-4EAC-9BA8-92CC6F34E3C4}.AppStore|iPhoneSimulator.Build.0 = Release|Any CPU
		{3CDB96A3-C39D-4EAC-9BA8-92CC6F34E3C4}.AppStore|iPhoneSimulator.Deploy.0 = Release|Any CPU
		{3CDB96A3-C39D-4EAC-9BA8-92CC6F34E3C4}.AppStore|x64.ActiveCfg = Release|Any CPU
		{3CDB96A3-C39D-4EAC-9BA8-92CC6F34E3C4}.AppStore|x64.Build.0 = Release|Any CPU
		{3CDB96A3-C39D-4EAC-9BA8-92CC6F34E3C4}.AppStore|x64.Deploy.0 = Release|Any CPU
		{3CDB96A3-C39D-4EAC-9BA8-92CC6F34E3C4}.AppStore|x86.ActiveCfg = Release|Any CPU
		{3CDB96A3-C39D-4EAC-9BA8-92CC6F34E3C4}.AppStore|x86.Build.0 = Release|Any CPU
		{3CDB96A3-C39D-4EAC-9BA8-92CC6F34E3C4}.AppStore|x86.Deploy.0 = Release|Any CPU
		{3CDB96A3-C39D-4EAC-9BA8-92CC6F34E3C4}.Debug|Any CPU.ActiveCfg = Debug|Any CPU
		{3CDB96A3-C39D-4EAC-9BA8-92CC6F34E3C4}.Debug|Any CPU.Build.0 = Debug|Any CPU
		{3CDB96A3-C39D-4EAC-9BA8-92CC6F34E3C4}.Debug|Any CPU.Deploy.0 = Debug|Any CPU
		{3CDB96A3-C39D-4EAC-9BA8-92CC6F34E3C4}.Debug|ARM.ActiveCfg = Debug|Any CPU
		{3CDB96A3-C39D-4EAC-9BA8-92CC6F34E3C4}.Debug|ARM.Build.0 = Debug|Any CPU
		{3CDB96A3-C39D-4EAC-9BA8-92CC6F34E3C4}.Debug|ARM.Deploy.0 = Debug|Any CPU
		{3CDB96A3-C39D-4EAC-9BA8-92CC6F34E3C4}.Debug|iPhone.ActiveCfg = Debug|Any CPU
		{3CDB96A3-C39D-4EAC-9BA8-92CC6F34E3C4}.Debug|iPhone.Build.0 = Debug|Any CPU
		{3CDB96A3-C39D-4EAC-9BA8-92CC6F34E3C4}.Debug|iPhone.Deploy.0 = Debug|Any CPU
		{3CDB96A3-C39D-4EAC-9BA8-92CC6F34E3C4}.Debug|iPhoneSimulator.ActiveCfg = Debug|Any CPU
		{3CDB96A3-C39D-4EAC-9BA8-92CC6F34E3C4}.Debug|iPhoneSimulator.Build.0 = Debug|Any CPU
		{3CDB96A3-C39D-4EAC-9BA8-92CC6F34E3C4}.Debug|iPhoneSimulator.Deploy.0 = Debug|Any CPU
		{3CDB96A3-C39D-4EAC-9BA8-92CC6F34E3C4}.Debug|x64.ActiveCfg = Debug|Any CPU
		{3CDB96A3-C39D-4EAC-9BA8-92CC6F34E3C4}.Debug|x64.Build.0 = Debug|Any CPU
		{3CDB96A3-C39D-4EAC-9BA8-92CC6F34E3C4}.Debug|x64.Deploy.0 = Debug|Any CPU
		{3CDB96A3-C39D-4EAC-9BA8-92CC6F34E3C4}.Debug|x86.ActiveCfg = Debug|Any CPU
		{3CDB96A3-C39D-4EAC-9BA8-92CC6F34E3C4}.Debug|x86.Build.0 = Debug|Any CPU
		{3CDB96A3-C39D-4EAC-9BA8-92CC6F34E3C4}.Debug|x86.Deploy.0 = Debug|Any CPU
		{3CDB96A3-C39D-4EAC-9BA8-92CC6F34E3C4}.Release|Any CPU.ActiveCfg = Release|Any CPU
		{3CDB96A3-C39D-4EAC-9BA8-92CC6F34E3C4}.Release|Any CPU.Build.0 = Release|Any CPU
		{3CDB96A3-C39D-4EAC-9BA8-92CC6F34E3C4}.Release|Any CPU.Deploy.0 = Release|Any CPU
		{3CDB96A3-C39D-4EAC-9BA8-92CC6F34E3C4}.Release|ARM.ActiveCfg = Release|Any CPU
		{3CDB96A3-C39D-4EAC-9BA8-92CC6F34E3C4}.Release|ARM.Build.0 = Release|Any CPU
		{3CDB96A3-C39D-4EAC-9BA8-92CC6F34E3C4}.Release|ARM.Deploy.0 = Release|Any CPU
		{3CDB96A3-C39D-4EAC-9BA8-92CC6F34E3C4}.Release|iPhone.ActiveCfg = Release|Any CPU
		{3CDB96A3-C39D-4EAC-9BA8-92CC6F34E3C4}.Release|iPhone.Build.0 = Release|Any CPU
		{3CDB96A3-C39D-4EAC-9BA8-92CC6F34E3C4}.Release|iPhone.Deploy.0 = Release|Any CPU
		{3CDB96A3-C39D-4EAC-9BA8-92CC6F34E3C4}.Release|iPhoneSimulator.ActiveCfg = Release|Any CPU
		{3CDB96A3-C39D-4EAC-9BA8-92CC6F34E3C4}.Release|iPhoneSimulator.Build.0 = Release|Any CPU
		{3CDB96A3-C39D-4EAC-9BA8-92CC6F34E3C4}.Release|iPhoneSimulator.Deploy.0 = Release|Any CPU
		{3CDB96A3-C39D-4EAC-9BA8-92CC6F34E3C4}.Release|x64.ActiveCfg = Release|Any CPU
		{3CDB96A3-C39D-4EAC-9BA8-92CC6F34E3C4}.Release|x64.Build.0 = Release|Any CPU
		{3CDB96A3-C39D-4EAC-9BA8-92CC6F34E3C4}.Release|x64.Deploy.0 = Release|Any CPU
		{3CDB96A3-C39D-4EAC-9BA8-92CC6F34E3C4}.Release|x86.ActiveCfg = Release|Any CPU
		{3CDB96A3-C39D-4EAC-9BA8-92CC6F34E3C4}.Release|x86.Build.0 = Release|Any CPU
		{3CDB96A3-C39D-4EAC-9BA8-92CC6F34E3C4}.Release|x86.Deploy.0 = Release|Any CPU
		{60789623-DC2E-4CDF-A106-44C258E6AA62}.Ad-Hoc|Any CPU.ActiveCfg = Release|Any CPU
		{60789623-DC2E-4CDF-A106-44C258E6AA62}.Ad-Hoc|Any CPU.Build.0 = Release|Any CPU
		{60789623-DC2E-4CDF-A106-44C258E6AA62}.Ad-Hoc|Any CPU.Deploy.0 = Release|Any CPU
		{60789623-DC2E-4CDF-A106-44C258E6AA62}.Ad-Hoc|ARM.ActiveCfg = Release|ARM
		{60789623-DC2E-4CDF-A106-44C258E6AA62}.Ad-Hoc|ARM.Build.0 = Release|ARM
		{60789623-DC2E-4CDF-A106-44C258E6AA62}.Ad-Hoc|ARM.Deploy.0 = Release|ARM
		{60789623-DC2E-4CDF-A106-44C258E6AA62}.Ad-Hoc|iPhone.ActiveCfg = Release|Any CPU
		{60789623-DC2E-4CDF-A106-44C258E6AA62}.Ad-Hoc|iPhone.Build.0 = Release|Any CPU
		{60789623-DC2E-4CDF-A106-44C258E6AA62}.Ad-Hoc|iPhone.Deploy.0 = Release|Any CPU
		{60789623-DC2E-4CDF-A106-44C258E6AA62}.Ad-Hoc|iPhoneSimulator.ActiveCfg = Release|Any CPU
		{60789623-DC2E-4CDF-A106-44C258E6AA62}.Ad-Hoc|iPhoneSimulator.Build.0 = Release|Any CPU
		{60789623-DC2E-4CDF-A106-44C258E6AA62}.Ad-Hoc|iPhoneSimulator.Deploy.0 = Release|Any CPU
		{60789623-DC2E-4CDF-A106-44C258E6AA62}.Ad-Hoc|x64.ActiveCfg = Release|Any CPU
		{60789623-DC2E-4CDF-A106-44C258E6AA62}.Ad-Hoc|x64.Build.0 = Release|Any CPU
		{60789623-DC2E-4CDF-A106-44C258E6AA62}.Ad-Hoc|x64.Deploy.0 = Release|Any CPU
		{60789623-DC2E-4CDF-A106-44C258E6AA62}.Ad-Hoc|x86.ActiveCfg = Release|x86
		{60789623-DC2E-4CDF-A106-44C258E6AA62}.Ad-Hoc|x86.Build.0 = Release|x86
		{60789623-DC2E-4CDF-A106-44C258E6AA62}.Ad-Hoc|x86.Deploy.0 = Release|x86
		{60789623-DC2E-4CDF-A106-44C258E6AA62}.AppStore|Any CPU.ActiveCfg = Release|Any CPU
		{60789623-DC2E-4CDF-A106-44C258E6AA62}.AppStore|Any CPU.Build.0 = Release|Any CPU
		{60789623-DC2E-4CDF-A106-44C258E6AA62}.AppStore|Any CPU.Deploy.0 = Release|Any CPU
		{60789623-DC2E-4CDF-A106-44C258E6AA62}.AppStore|ARM.ActiveCfg = Release|ARM
		{60789623-DC2E-4CDF-A106-44C258E6AA62}.AppStore|ARM.Build.0 = Release|ARM
		{60789623-DC2E-4CDF-A106-44C258E6AA62}.AppStore|ARM.Deploy.0 = Release|ARM
		{60789623-DC2E-4CDF-A106-44C258E6AA62}.AppStore|iPhone.ActiveCfg = Release|Any CPU
		{60789623-DC2E-4CDF-A106-44C258E6AA62}.AppStore|iPhone.Build.0 = Release|Any CPU
		{60789623-DC2E-4CDF-A106-44C258E6AA62}.AppStore|iPhone.Deploy.0 = Release|Any CPU
		{60789623-DC2E-4CDF-A106-44C258E6AA62}.AppStore|iPhoneSimulator.ActiveCfg = Release|Any CPU
		{60789623-DC2E-4CDF-A106-44C258E6AA62}.AppStore|iPhoneSimulator.Build.0 = Release|Any CPU
		{60789623-DC2E-4CDF-A106-44C258E6AA62}.AppStore|iPhoneSimulator.Deploy.0 = Release|Any CPU
		{60789623-DC2E-4CDF-A106-44C258E6AA62}.AppStore|x64.ActiveCfg = Release|Any CPU
		{60789623-DC2E-4CDF-A106-44C258E6AA62}.AppStore|x64.Build.0 = Release|Any CPU
		{60789623-DC2E-4CDF-A106-44C258E6AA62}.AppStore|x64.Deploy.0 = Release|Any CPU
		{60789623-DC2E-4CDF-A106-44C258E6AA62}.AppStore|x86.ActiveCfg = Release|x86
		{60789623-DC2E-4CDF-A106-44C258E6AA62}.AppStore|x86.Build.0 = Release|x86
		{60789623-DC2E-4CDF-A106-44C258E6AA62}.AppStore|x86.Deploy.0 = Release|x86
		{60789623-DC2E-4CDF-A106-44C258E6AA62}.Debug|Any CPU.ActiveCfg = Debug|Any CPU
		{60789623-DC2E-4CDF-A106-44C258E6AA62}.Debug|Any CPU.Build.0 = Debug|Any CPU
		{60789623-DC2E-4CDF-A106-44C258E6AA62}.Debug|Any CPU.Deploy.0 = Debug|Any CPU
		{60789623-DC2E-4CDF-A106-44C258E6AA62}.Debug|ARM.ActiveCfg = Debug|ARM
		{60789623-DC2E-4CDF-A106-44C258E6AA62}.Debug|ARM.Build.0 = Debug|ARM
		{60789623-DC2E-4CDF-A106-44C258E6AA62}.Debug|ARM.Deploy.0 = Debug|ARM
		{60789623-DC2E-4CDF-A106-44C258E6AA62}.Debug|iPhone.ActiveCfg = Debug|Any CPU
		{60789623-DC2E-4CDF-A106-44C258E6AA62}.Debug|iPhone.Build.0 = Debug|Any CPU
		{60789623-DC2E-4CDF-A106-44C258E6AA62}.Debug|iPhone.Deploy.0 = Debug|Any CPU
		{60789623-DC2E-4CDF-A106-44C258E6AA62}.Debug|iPhoneSimulator.ActiveCfg = Debug|Any CPU
		{60789623-DC2E-4CDF-A106-44C258E6AA62}.Debug|iPhoneSimulator.Build.0 = Debug|Any CPU
		{60789623-DC2E-4CDF-A106-44C258E6AA62}.Debug|iPhoneSimulator.Deploy.0 = Debug|Any CPU
		{60789623-DC2E-4CDF-A106-44C258E6AA62}.Debug|x64.ActiveCfg = Debug|Any CPU
		{60789623-DC2E-4CDF-A106-44C258E6AA62}.Debug|x64.Build.0 = Debug|Any CPU
		{60789623-DC2E-4CDF-A106-44C258E6AA62}.Debug|x64.Deploy.0 = Debug|Any CPU
		{60789623-DC2E-4CDF-A106-44C258E6AA62}.Debug|x86.ActiveCfg = Debug|x86
		{60789623-DC2E-4CDF-A106-44C258E6AA62}.Debug|x86.Build.0 = Debug|x86
		{60789623-DC2E-4CDF-A106-44C258E6AA62}.Debug|x86.Deploy.0 = Debug|x86
		{60789623-DC2E-4CDF-A106-44C258E6AA62}.Release|Any CPU.ActiveCfg = Release|Any CPU
		{60789623-DC2E-4CDF-A106-44C258E6AA62}.Release|Any CPU.Build.0 = Release|Any CPU
		{60789623-DC2E-4CDF-A106-44C258E6AA62}.Release|Any CPU.Deploy.0 = Release|Any CPU
		{60789623-DC2E-4CDF-A106-44C258E6AA62}.Release|ARM.ActiveCfg = Release|ARM
		{60789623-DC2E-4CDF-A106-44C258E6AA62}.Release|ARM.Build.0 = Release|ARM
		{60789623-DC2E-4CDF-A106-44C258E6AA62}.Release|ARM.Deploy.0 = Release|ARM
		{60789623-DC2E-4CDF-A106-44C258E6AA62}.Release|iPhone.ActiveCfg = Release|Any CPU
		{60789623-DC2E-4CDF-A106-44C258E6AA62}.Release|iPhone.Build.0 = Release|Any CPU
		{60789623-DC2E-4CDF-A106-44C258E6AA62}.Release|iPhone.Deploy.0 = Release|Any CPU
		{60789623-DC2E-4CDF-A106-44C258E6AA62}.Release|iPhoneSimulator.ActiveCfg = Release|Any CPU
		{60789623-DC2E-4CDF-A106-44C258E6AA62}.Release|iPhoneSimulator.Build.0 = Release|Any CPU
		{60789623-DC2E-4CDF-A106-44C258E6AA62}.Release|iPhoneSimulator.Deploy.0 = Release|Any CPU
		{60789623-DC2E-4CDF-A106-44C258E6AA62}.Release|x64.ActiveCfg = Release|Any CPU
		{60789623-DC2E-4CDF-A106-44C258E6AA62}.Release|x64.Build.0 = Release|Any CPU
		{60789623-DC2E-4CDF-A106-44C258E6AA62}.Release|x64.Deploy.0 = Release|Any CPU
		{60789623-DC2E-4CDF-A106-44C258E6AA62}.Release|x86.ActiveCfg = Release|x86
		{60789623-DC2E-4CDF-A106-44C258E6AA62}.Release|x86.Build.0 = Release|x86
		{60789623-DC2E-4CDF-A106-44C258E6AA62}.Release|x86.Deploy.0 = Release|x86
	EndGlobalSection
	GlobalSection(SolutionProperties) = preSolution
		HideSolutionNode = FALSE
	EndGlobalSection
	GlobalSection(NestedProjects) = preSolution
		{96D568E8-F2B6-4B37-BDF1-68C970F98A4B} = {3260DEB6-9A63-4945-BCC7-12C6889BF457}
		{E9D43956-A93C-42FA-AC89-854E3C61FF23} = {3260DEB6-9A63-4945-BCC7-12C6889BF457}
		{D4F91F88-E1DF-4DE6-93CB-7C4F1547BF87} = {3260DEB6-9A63-4945-BCC7-12C6889BF457}
	EndGlobalSection
EndGlobal
